
Microsoft Visual Studio Solution File, Format Version 12.00
# Visual Studio 15
VisualStudioVersion = 15.0.26730.12
MinimumVisualStudioVersion = 10.0.40219.1
Project("{FAE04EC0-301F-11D3-BF4B-00C04F79EFBC}") = "Leayal.Core", "Leayal.Core\Leayal.Core.csproj", "{3DCD41BD-C295-4BD1-B675-AEDC9FCBFA1A}"
EndProject
Project("{FAE04EC0-301F-11D3-BF4B-00C04F79EFBC}") = "PSO2-Updater-WinForm", "PSO2-Updater-WinForm\PSO2-Updater-WinForm.csproj", "{E47633C5-62D7-4921-A306-4C29EC858979}"
EndProject
Project("{FAE04EC0-301F-11D3-BF4B-00C04F79EFBC}") = "PSO2-Updater", "PSO2-Updater\PSO2-Updater.csproj", "{ECBF7FD9-C925-4062-9522-5C35CB39B02A}"
EndProject
Project("{FAE04EC0-301F-11D3-BF4B-00C04F79EFBC}") = "PSO2-Updater-Console", "PSO2-Updater-Console\PSO2-Updater-Console.csproj", "{9E35E0FA-6057-412F-ACBC-F340F35A7FE3}"
EndProject
Global
	GlobalSection(SolutionConfigurationPlatforms) = preSolution
		Debug|Any CPU = Debug|Any CPU
		Release|Any CPU = Release|Any CPU
	EndGlobalSection
	GlobalSection(ProjectConfigurationPlatforms) = postSolution
		{3DCD41BD-C295-4BD1-B675-AEDC9FCBFA1A}.Debug|Any CPU.ActiveCfg = Debug|Any CPU
		{3DCD41BD-C295-4BD1-B675-AEDC9FCBFA1A}.Release|Any CPU.ActiveCfg = Release|Any CPU
		{E47633C5-62D7-4921-A306-4C29EC858979}.Debug|Any CPU.ActiveCfg = Debug|Any CPU
		{E47633C5-62D7-4921-A306-4C29EC858979}.Release|Any CPU.ActiveCfg = Release|Any CPU
		{E47633C5-62D7-4921-A306-4C29EC858979}.Release|Any CPU.Build.0 = Release|Any CPU
		{ECBF7FD9-C925-4062-9522-5C35CB39B02A}.Debug|Any CPU.ActiveCfg = Debug|Any CPU
		{ECBF7FD9-C925-4062-9522-5C35CB39B02A}.Release|Any CPU.ActiveCfg = Release|Any CPU
		{9E35E0FA-6057-412F-ACBC-F340F35A7FE3}.Debug|Any CPU.ActiveCfg = Debug|Any CPU
		{9E35E0FA-6057-412F-ACBC-F340F35A7FE3}.Debug|Any CPU.Build.0 = Debug|Any CPU
		{9E35E0FA-6057-412F-ACBC-F340F35A7FE3}.Release|Any CPU.ActiveCfg = Release|Any CPU
		{9E35E0FA-6057-412F-ACBC-F340F35A7FE3}.Release|Any CPU.Build.0 = Release|Any CPU
	EndGlobalSection
	GlobalSection(SolutionProperties) = preSolution
		HideSolutionNode = FALSE
	EndGlobalSection
	GlobalSection(ExtensibilityGlobals) = postSolution
		SolutionGuid = {93C0BECE-CECF-4729-B3A5-577E3B93DD76}
	EndGlobalSection
EndGlobal
